// !$*UTF8*$!
{
	archiveVersion = 1;
	classes = {
	};
	objectVersion = 56;
	objects = {

/* Begin PBXBuildFile section */
		59289FD72C4A6B65003EF001 /* Quotable Watch App.app in Embed Watch Content */ = {isa = PBXBuildFile; fileRef = 59289FD62C4A6B65003EF001 /* Quotable Watch App.app */; settings = {ATTRIBUTES = (RemoveHeadersOnCopy, ); }; };
		59289FDC2C4A6B65003EF001 /* QuotableApp.swift in Sources */ = {isa = PBXBuildFile; fileRef = 59289FDB2C4A6B65003EF001 /* QuotableApp.swift */; };
		59289FDE2C4A6B65003EF001 /* ContentView.swift in Sources */ = {isa = PBXBuildFile; fileRef = 59289FDD2C4A6B65003EF001 /* ContentView.swift */; };
		59289FE02C4A6B67003EF001 /* Assets.xcassets in Resources */ = {isa = PBXBuildFile; fileRef = 59289FDF2C4A6B67003EF001 /* Assets.xcassets */; };
		59289FE32C4A6B67003EF001 /* Preview Assets.xcassets in Resources */ = {isa = PBXBuildFile; fileRef = 59289FE22C4A6B67003EF001 /* Preview Assets.xcassets */; };
		59289FED2C4A6B67003EF001 /* Quotable_Watch_AppTests.swift in Sources */ = {isa = PBXBuildFile; fileRef = 59289FEC2C4A6B67003EF001 /* Quotable_Watch_AppTests.swift */; };
		59289FF72C4A6B67003EF001 /* Quotable_Watch_AppUITests.swift in Sources */ = {isa = PBXBuildFile; fileRef = 59289FF62C4A6B67003EF001 /* Quotable_Watch_AppUITests.swift */; };
		59289FF92C4A6B67003EF001 /* Quotable_Watch_AppUITestsLaunchTests.swift in Sources */ = {isa = PBXBuildFile; fileRef = 59289FF82C4A6B67003EF001 /* Quotable_Watch_AppUITestsLaunchTests.swift */; };
		5928A00A2C4A70A9003EF001 /* QuoteViewModel.swift in Sources */ = {isa = PBXBuildFile; fileRef = 5928A0092C4A70A9003EF001 /* QuoteViewModel.swift */; };
		5928A00C2C4A70CC003EF001 /* Quote.swift in Sources */ = {isa = PBXBuildFile; fileRef = 5928A00B2C4A70CC003EF001 /* Quote.swift */; };
		59326FB82C4A861600F748F1 /* FavoritedQuotesView.swift in Sources */ = {isa = PBXBuildFile; fileRef = 59326FB72C4A861600F748F1 /* FavoritedQuotesView.swift */; };
		598233922C4B1EDB009B8A0F /* SettingsView.swift in Sources */ = {isa = PBXBuildFile; fileRef = 598233912C4B1EDB009B8A0F /* SettingsView.swift */; };
/* End PBXBuildFile section */

/* Begin PBXContainerItemProxy section */
		59289FD82C4A6B65003EF001 /* PBXContainerItemProxy */ = {
			isa = PBXContainerItemProxy;
			containerPortal = 59289FCA2C4A6B64003EF001 /* Project object */;
			proxyType = 1;
			remoteGlobalIDString = 59289FD52C4A6B65003EF001;
			remoteInfo = "Quotable Watch App";
		};
		59289FE92C4A6B67003EF001 /* PBXContainerItemProxy */ = {
			isa = PBXContainerItemProxy;
			containerPortal = 59289FCA2C4A6B64003EF001 /* Project object */;
			proxyType = 1;
			remoteGlobalIDString = 59289FD52C4A6B65003EF001;
			remoteInfo = "Quotable Watch App";
		};
		59289FF32C4A6B67003EF001 /* PBXContainerItemProxy */ = {
			isa = PBXContainerItemProxy;
			containerPortal = 59289FCA2C4A6B64003EF001 /* Project object */;
			proxyType = 1;
			remoteGlobalIDString = 59289FD52C4A6B65003EF001;
			remoteInfo = "Quotable Watch App";
		};
/* End PBXContainerItemProxy section */

/* Begin PBXCopyFilesBuildPhase section */
		59289FFF2C4A6B67003EF001 /* Embed Watch Content */ = {
			isa = PBXCopyFilesBuildPhase;
			buildActionMask = 2147483647;
			dstPath = "$(CONTENTS_FOLDER_PATH)/Watch";
			dstSubfolderSpec = 16;
			files = (
				59289FD72C4A6B65003EF001 /* Quotable Watch App.app in Embed Watch Content */,
			);
			name = "Embed Watch Content";
			runOnlyForDeploymentPostprocessing = 0;
		};
/* End PBXCopyFilesBuildPhase section */

/* Begin PBXFileReference section */
		59289FD02C4A6B65003EF001 /* Quotable.app */ = {isa = PBXFileReference; explicitFileType = wrapper.application; includeInIndex = 0; path = Quotable.app; sourceTree = BUILT_PRODUCTS_DIR; };
		59289FD62C4A6B65003EF001 /* Quotable Watch App.app */ = {isa = PBXFileReference; explicitFileType = wrapper.application; includeInIndex = 0; path = "Quotable Watch App.app"; sourceTree = BUILT_PRODUCTS_DIR; };
		59289FDB2C4A6B65003EF001 /* QuotableApp.swift */ = {isa = PBXFileReference; lastKnownFileType = sourcecode.swift; path = QuotableApp.swift; sourceTree = "<group>"; };
		59289FDD2C4A6B65003EF001 /* ContentView.swift */ = {isa = PBXFileReference; lastKnownFileType = sourcecode.swift; path = ContentView.swift; sourceTree = "<group>"; };
		59289FDF2C4A6B67003EF001 /* Assets.xcassets */ = {isa = PBXFileReference; lastKnownFileType = folder.assetcatalog; path = Assets.xcassets; sourceTree = "<group>"; };
		59289FE22C4A6B67003EF001 /* Preview Assets.xcassets */ = {isa = PBXFileReference; lastKnownFileType = folder.assetcatalog; path = "Preview Assets.xcassets"; sourceTree = "<group>"; };
		59289FE82C4A6B67003EF001 /* Quotable Watch AppTests.xctest */ = {isa = PBXFileReference; explicitFileType = wrapper.cfbundle; includeInIndex = 0; path = "Quotable Watch AppTests.xctest"; sourceTree = BUILT_PRODUCTS_DIR; };
		59289FEC2C4A6B67003EF001 /* Quotable_Watch_AppTests.swift */ = {isa = PBXFileReference; lastKnownFileType = sourcecode.swift; path = Quotable_Watch_AppTests.swift; sourceTree = "<group>"; };
		59289FF22C4A6B67003EF001 /* Quotable Watch AppUITests.xctest */ = {isa = PBXFileReference; explicitFileType = wrapper.cfbundle; includeInIndex = 0; path = "Quotable Watch AppUITests.xctest"; sourceTree = BUILT_PRODUCTS_DIR; };
		59289FF62C4A6B67003EF001 /* Quotable_Watch_AppUITests.swift */ = {isa = PBXFileReference; lastKnownFileType = sourcecode.swift; path = Quotable_Watch_AppUITests.swift; sourceTree = "<group>"; };
		59289FF82C4A6B67003EF001 /* Quotable_Watch_AppUITestsLaunchTests.swift */ = {isa = PBXFileReference; lastKnownFileType = sourcecode.swift; path = Quotable_Watch_AppUITestsLaunchTests.swift; sourceTree = "<group>"; };
		5928A0092C4A70A9003EF001 /* QuoteViewModel.swift */ = {isa = PBXFileReference; lastKnownFileType = sourcecode.swift; path = QuoteViewModel.swift; sourceTree = "<group>"; };
		5928A00B2C4A70CC003EF001 /* Quote.swift */ = {isa = PBXFileReference; lastKnownFileType = sourcecode.swift; path = Quote.swift; sourceTree = "<group>"; };
		59326FB72C4A861600F748F1 /* FavoritedQuotesView.swift */ = {isa = PBXFileReference; lastKnownFileType = sourcecode.swift; path = FavoritedQuotesView.swift; sourceTree = "<group>"; };
		598233912C4B1EDB009B8A0F /* SettingsView.swift */ = {isa = PBXFileReference; lastKnownFileType = sourcecode.swift; path = SettingsView.swift; sourceTree = "<group>"; };
/* End PBXFileReference section */

/* Begin PBXFrameworksBuildPhase section */
		59289FD32C4A6B65003EF001 /* Frameworks */ = {
			isa = PBXFrameworksBuildPhase;
			buildActionMask = 2147483647;
			files = (
			);
			runOnlyForDeploymentPostprocessing = 0;
		};
		59289FE52C4A6B67003EF001 /* Frameworks */ = {
			isa = PBXFrameworksBuildPhase;
			buildActionMask = 2147483647;
			files = (
			);
			runOnlyForDeploymentPostprocessing = 0;
		};
		59289FEF2C4A6B67003EF001 /* Frameworks */ = {
			isa = PBXFrameworksBuildPhase;
			buildActionMask = 2147483647;
			files = (
			);
			runOnlyForDeploymentPostprocessing = 0;
		};
/* End PBXFrameworksBuildPhase section */

/* Begin PBXGroup section */
		59289FC92C4A6B64003EF001 = {
			isa = PBXGroup;
			children = (
				59289FDA2C4A6B65003EF001 /* Quotable Watch App */,
				59289FEB2C4A6B67003EF001 /* Quotable Watch AppTests */,
				59289FF52C4A6B67003EF001 /* Quotable Watch AppUITests */,
				59289FD12C4A6B65003EF001 /* Products */,
			);
			sourceTree = "<group>";
		};
		59289FD12C4A6B65003EF001 /* Products */ = {
			isa = PBXGroup;
			children = (
				59289FD02C4A6B65003EF001 /* Quotable.app */,
				59289FD62C4A6B65003EF001 /* Quotable Watch App.app */,
				59289FE82C4A6B67003EF001 /* Quotable Watch AppTests.xctest */,
				59289FF22C4A6B67003EF001 /* Quotable Watch AppUITests.xctest */,
			);
			name = Products;
			sourceTree = "<group>";
		};
		59289FDA2C4A6B65003EF001 /* Quotable Watch App */ = {
			isa = PBXGroup;
			children = (
				59289FDB2C4A6B65003EF001 /* QuotableApp.swift */,
				59289FDD2C4A6B65003EF001 /* ContentView.swift */,
				59289FDF2C4A6B67003EF001 /* Assets.xcassets */,
				59289FE12C4A6B67003EF001 /* Preview Content */,
				5928A0092C4A70A9003EF001 /* QuoteViewModel.swift */,
				5928A00B2C4A70CC003EF001 /* Quote.swift */,
				59326FB72C4A861600F748F1 /* FavoritedQuotesView.swift */,
				598233912C4B1EDB009B8A0F /* SettingsView.swift */,
			);
			path = "Quotable Watch App";
			sourceTree = "<group>";
		};
		59289FE12C4A6B67003EF001 /* Preview Content */ = {
			isa = PBXGroup;
			children = (
				59289FE22C4A6B67003EF001 /* Preview Assets.xcassets */,
			);
			path = "Preview Content";
			sourceTree = "<group>";
		};
		59289FEB2C4A6B67003EF001 /* Quotable Watch AppTests */ = {
			isa = PBXGroup;
			children = (
				59289FEC2C4A6B67003EF001 /* Quotable_Watch_AppTests.swift */,
			);
			path = "Quotable Watch AppTests";
			sourceTree = "<group>";
		};
		59289FF52C4A6B67003EF001 /* Quotable Watch AppUITests */ = {
			isa = PBXGroup;
			children = (
				59289FF62C4A6B67003EF001 /* Quotable_Watch_AppUITests.swift */,
				59289FF82C4A6B67003EF001 /* Quotable_Watch_AppUITestsLaunchTests.swift */,
			);
			path = "Quotable Watch AppUITests";
			sourceTree = "<group>";
		};
/* End PBXGroup section */

/* Begin PBXNativeTarget section */
		59289FCF2C4A6B65003EF001 /* Quotable */ = {
			isa = PBXNativeTarget;
			buildConfigurationList = 5928A0002C4A6B67003EF001 /* Build configuration list for PBXNativeTarget "Quotable" */;
			buildPhases = (
				59289FCE2C4A6B65003EF001 /* Resources */,
				59289FFF2C4A6B67003EF001 /* Embed Watch Content */,
			);
			buildRules = (
			);
			dependencies = (
				59289FD92C4A6B65003EF001 /* PBXTargetDependency */,
			);
			name = Quotable;
			productName = Quotable;
			productReference = 59289FD02C4A6B65003EF001 /* Quotable.app */;
			productType = "com.apple.product-type.application.watchapp2-container";
		};
		59289FD52C4A6B65003EF001 /* Quotable Watch App */ = {
			isa = PBXNativeTarget;
			buildConfigurationList = 59289FFC2C4A6B67003EF001 /* Build configuration list for PBXNativeTarget "Quotable Watch App" */;
			buildPhases = (
				59289FD22C4A6B65003EF001 /* Sources */,
				59289FD32C4A6B65003EF001 /* Frameworks */,
				59289FD42C4A6B65003EF001 /* Resources */,
			);
			buildRules = (
			);
			dependencies = (
			);
			name = "Quotable Watch App";
			productName = "Quotable Watch App";
			productReference = 59289FD62C4A6B65003EF001 /* Quotable Watch App.app */;
			productType = "com.apple.product-type.application";
		};
		59289FE72C4A6B67003EF001 /* Quotable Watch AppTests */ = {
			isa = PBXNativeTarget;
			buildConfigurationList = 5928A0032C4A6B67003EF001 /* Build configuration list for PBXNativeTarget "Quotable Watch AppTests" */;
			buildPhases = (
				59289FE42C4A6B67003EF001 /* Sources */,
				59289FE52C4A6B67003EF001 /* Frameworks */,
				59289FE62C4A6B67003EF001 /* Resources */,
			);
			buildRules = (
			);
			dependencies = (
				59289FEA2C4A6B67003EF001 /* PBXTargetDependency */,
			);
			name = "Quotable Watch AppTests";
			productName = "Quotable Watch AppTests";
			productReference = 59289FE82C4A6B67003EF001 /* Quotable Watch AppTests.xctest */;
			productType = "com.apple.product-type.bundle.unit-test";
		};
		59289FF12C4A6B67003EF001 /* Quotable Watch AppUITests */ = {
			isa = PBXNativeTarget;
			buildConfigurationList = 5928A0062C4A6B67003EF001 /* Build configuration list for PBXNativeTarget "Quotable Watch AppUITests" */;
			buildPhases = (
				59289FEE2C4A6B67003EF001 /* Sources */,
				59289FEF2C4A6B67003EF001 /* Frameworks */,
				59289FF02C4A6B67003EF001 /* Resources */,
			);
			buildRules = (
			);
			dependencies = (
				59289FF42C4A6B67003EF001 /* PBXTargetDependency */,
			);
			name = "Quotable Watch AppUITests";
			productName = "Quotable Watch AppUITests";
			productReference = 59289FF22C4A6B67003EF001 /* Quotable Watch AppUITests.xctest */;
			productType = "com.apple.product-type.bundle.ui-testing";
		};
/* End PBXNativeTarget section */

/* Begin PBXProject section */
		59289FCA2C4A6B64003EF001 /* Project object */ = {
			isa = PBXProject;
			attributes = {
				BuildIndependentTargetsInParallel = 1;
				LastSwiftUpdateCheck = 1540;
				LastUpgradeCheck = 1540;
				TargetAttributes = {
					59289FCF2C4A6B65003EF001 = {
						CreatedOnToolsVersion = 15.4;
					};
					59289FD52C4A6B65003EF001 = {
						CreatedOnToolsVersion = 15.4;
					};
					59289FE72C4A6B67003EF001 = {
						CreatedOnToolsVersion = 15.4;
						TestTargetID = 59289FD52C4A6B65003EF001;
					};
					59289FF12C4A6B67003EF001 = {
						CreatedOnToolsVersion = 15.4;
						TestTargetID = 59289FD52C4A6B65003EF001;
					};
				};
			};
			buildConfigurationList = 59289FCD2C4A6B64003EF001 /* Build configuration list for PBXProject "Quotable" */;
			compatibilityVersion = "Xcode 14.0";
			developmentRegion = en;
			hasScannedForEncodings = 0;
			knownRegions = (
				en,
				Base,
			);
			mainGroup = 59289FC92C4A6B64003EF001;
			productRefGroup = 59289FD12C4A6B65003EF001 /* Products */;
			projectDirPath = "";
			projectRoot = "";
			targets = (
				59289FCF2C4A6B65003EF001 /* Quotable */,
				59289FD52C4A6B65003EF001 /* Quotable Watch App */,
				59289FE72C4A6B67003EF001 /* Quotable Watch AppTests */,
				59289FF12C4A6B67003EF001 /* Quotable Watch AppUITests */,
			);
		};
/* End PBXProject section */

/* Begin PBXResourcesBuildPhase section */
		59289FCE2C4A6B65003EF001 /* Resources */ = {
			isa = PBXResourcesBuildPhase;
			buildActionMask = 2147483647;
			files = (
			);
			runOnlyForDeploymentPostprocessing = 0;
		};
		59289FD42C4A6B65003EF001 /* Resources */ = {
			isa = PBXResourcesBuildPhase;
			buildActionMask = 2147483647;
			files = (
				59289FE32C4A6B67003EF001 /* Preview Assets.xcassets in Resources */,
				59289FE02C4A6B67003EF001 /* Assets.xcassets in Resources */,
			);
			runOnlyForDeploymentPostprocessing = 0;
		};
		59289FE62C4A6B67003EF001 /* Resources */ = {
			isa = PBXResourcesBuildPhase;
			buildActionMask = 2147483647;
			files = (
			);
			runOnlyForDeploymentPostprocessing = 0;
		};
		59289FF02C4A6B67003EF001 /* Resources */ = {
			isa = PBXResourcesBuildPhase;
			buildActionMask = 2147483647;
			files = (
			);
			runOnlyForDeploymentPostprocessing = 0;
		};
/* End PBXResourcesBuildPhase section */

/* Begin PBXSourcesBuildPhase section */
		59289FD22C4A6B65003EF001 /* Sources */ = {
			isa = PBXSourcesBuildPhase;
			buildActionMask = 2147483647;
			files = (
				5928A00C2C4A70CC003EF001 /* Quote.swift in Sources */,
				59326FB82C4A861600F748F1 /* FavoritedQuotesView.swift in Sources */,
				5928A00A2C4A70A9003EF001 /* QuoteViewModel.swift in Sources */,
				598233922C4B1EDB009B8A0F /* SettingsView.swift in Sources */,
				59289FDE2C4A6B65003EF001 /* ContentView.swift in Sources */,
				59289FDC2C4A6B65003EF001 /* QuotableApp.swift in Sources */,
			);
			runOnlyForDeploymentPostprocessing = 0;
		};
		59289FE42C4A6B67003EF001 /* Sources */ = {
			isa = PBXSourcesBuildPhase;
			buildActionMask = 2147483647;
			files = (
				59289FED2C4A6B67003EF001 /* Quotable_Watch_AppTests.swift in Sources */,
			);
			runOnlyForDeploymentPostprocessing = 0;
		};
		59289FEE2C4A6B67003EF001 /* Sources */ = {
			isa = PBXSourcesBuildPhase;
			buildActionMask = 2147483647;
			files = (
				59289FF72C4A6B67003EF001 /* Quotable_Watch_AppUITests.swift in Sources */,
				59289FF92C4A6B67003EF001 /* Quotable_Watch_AppUITestsLaunchTests.swift in Sources */,
			);
			runOnlyForDeploymentPostprocessing = 0;
		};
/* End PBXSourcesBuildPhase section */

/* Begin PBXTargetDependency section */
		59289FD92C4A6B65003EF001 /* PBXTargetDependency */ = {
			isa = PBXTargetDependency;
			target = 59289FD52C4A6B65003EF001 /* Quotable Watch App */;
			targetProxy = 59289FD82C4A6B65003EF001 /* PBXContainerItemProxy */;
		};
		59289FEA2C4A6B67003EF001 /* PBXTargetDependency */ = {
			isa = PBXTargetDependency;
			target = 59289FD52C4A6B65003EF001 /* Quotable Watch App */;
			targetProxy = 59289FE92C4A6B67003EF001 /* PBXContainerItemProxy */;
		};
		59289FF42C4A6B67003EF001 /* PBXTargetDependency */ = {
			isa = PBXTargetDependency;
			target = 59289FD52C4A6B65003EF001 /* Quotable Watch App */;
			targetProxy = 59289FF32C4A6B67003EF001 /* PBXContainerItemProxy */;
		};
/* End PBXTargetDependency section */

/* Begin XCBuildConfiguration section */
		59289FFA2C4A6B67003EF001 /* Debug */ = {
			isa = XCBuildConfiguration;
			buildSettings = {
				ALWAYS_SEARCH_USER_PATHS = NO;
				ASSETCATALOG_COMPILER_GENERATE_SWIFT_ASSET_SYMBOL_EXTENSIONS = YES;
				CLANG_ANALYZER_NONNULL = YES;
				CLANG_ANALYZER_NUMBER_OBJECT_CONVERSION = YES_AGGRESSIVE;
				CLANG_CXX_LANGUAGE_STANDARD = "gnu++20";
				CLANG_ENABLE_MODULES = YES;
				CLANG_ENABLE_OBJC_ARC = YES;
				CLANG_ENABLE_OBJC_WEAK = YES;
				CLANG_WARN_BLOCK_CAPTURE_AUTORELEASING = YES;
				CLANG_WARN_BOOL_CONVERSION = YES;
				CLANG_WARN_COMMA = YES;
				CLANG_WARN_CONSTANT_CONVERSION = YES;
				CLANG_WARN_DEPRECATED_OBJC_IMPLEMENTATIONS = YES;
				CLANG_WARN_DIRECT_OBJC_ISA_USAGE = YES_ERROR;
				CLANG_WARN_DOCUMENTATION_COMMENTS = YES;
				CLANG_WARN_EMPTY_BODY = YES;
				CLANG_WARN_ENUM_CONVERSION = YES;
				CLANG_WARN_INFINITE_RECURSION = YES;
				CLANG_WARN_INT_CONVERSION = YES;
				CLANG_WARN_NON_LITERAL_NULL_CONVERSION = YES;
				CLANG_WARN_OBJC_IMPLICIT_RETAIN_SELF = YES;
				CLANG_WARN_OBJC_LITERAL_CONVERSION = YES;
				CLANG_WARN_OBJC_ROOT_CLASS = YES_ERROR;
				CLANG_WARN_QUOTED_INCLUDE_IN_FRAMEWORK_HEADER = YES;
				CLANG_WARN_RANGE_LOOP_ANALYSIS = YES;
				CLANG_WARN_STRICT_PROTOTYPES = YES;
				CLANG_WARN_SUSPICIOUS_MOVE = YES;
				CLANG_WARN_UNGUARDED_AVAILABILITY = YES_AGGRESSIVE;
				CLANG_WARN_UNREACHABLE_CODE = YES;
				CLANG_WARN__DUPLICATE_METHOD_MATCH = YES;
				COPY_PHASE_STRIP = NO;
				DEBUG_INFORMATION_FORMAT = dwarf;
				ENABLE_STRICT_OBJC_MSGSEND = YES;
				ENABLE_TESTABILITY = YES;
				ENABLE_USER_SCRIPT_SANDBOXING = YES;
				GCC_C_LANGUAGE_STANDARD = gnu17;
				GCC_DYNAMIC_NO_PIC = NO;
				GCC_NO_COMMON_BLOCKS = YES;
				GCC_OPTIMIZATION_LEVEL = 0;
				GCC_PREPROCESSOR_DEFINITIONS = (
					"DEBUG=1",
					"$(inherited)",
				);
				GCC_WARN_64_TO_32_BIT_CONVERSION = YES;
				GCC_WARN_ABOUT_RETURN_TYPE = YES_ERROR;
				GCC_WARN_UNDECLARED_SELECTOR = YES;
				GCC_WARN_UNINITIALIZED_AUTOS = YES_AGGRESSIVE;
				GCC_WARN_UNUSED_FUNCTION = YES;
				GCC_WARN_UNUSED_VARIABLE = YES;
				LOCALIZATION_PREFERS_STRING_CATALOGS = YES;
				MTL_ENABLE_DEBUG_INFO = INCLUDE_SOURCE;
				MTL_FAST_MATH = YES;
				ONLY_ACTIVE_ARCH = YES;
				SWIFT_ACTIVE_COMPILATION_CONDITIONS = "DEBUG $(inherited)";
				SWIFT_OPTIMIZATION_LEVEL = "-Onone";
			};
			name = Debug;
		};
		59289FFB2C4A6B67003EF001 /* Release */ = {
			isa = XCBuildConfiguration;
			buildSettings = {
				ALWAYS_SEARCH_USER_PATHS = NO;
				ASSETCATALOG_COMPILER_GENERATE_SWIFT_ASSET_SYMBOL_EXTENSIONS = YES;
				CLANG_ANALYZER_NONNULL = YES;
				CLANG_ANALYZER_NUMBER_OBJECT_CONVERSION = YES_AGGRESSIVE;
				CLANG_CXX_LANGUAGE_STANDARD = "gnu++20";
				CLANG_ENABLE_MODULES = YES;
				CLANG_ENABLE_OBJC_ARC = YES;
				CLANG_ENABLE_OBJC_WEAK = YES;
				CLANG_WARN_BLOCK_CAPTURE_AUTORELEASING = YES;
				CLANG_WARN_BOOL_CONVERSION = YES;
				CLANG_WARN_COMMA = YES;
				CLANG_WARN_CONSTANT_CONVERSION = YES;
				CLANG_WARN_DEPRECATED_OBJC_IMPLEMENTATIONS = YES;
				CLANG_WARN_DIRECT_OBJC_ISA_USAGE = YES_ERROR;
				CLANG_WARN_DOCUMENTATION_COMMENTS = YES;
				CLANG_WARN_EMPTY_BODY = YES;
				CLANG_WARN_ENUM_CONVERSION = YES;
				CLANG_WARN_INFINITE_RECURSION = YES;
				CLANG_WARN_INT_CONVERSION = YES;
				CLANG_WARN_NON_LITERAL_NULL_CONVERSION = YES;
				CLANG_WARN_OBJC_IMPLICIT_RETAIN_SELF = YES;
				CLANG_WARN_OBJC_LITERAL_CONVERSION = YES;
				CLANG_WARN_OBJC_ROOT_CLASS = YES_ERROR;
				CLANG_WARN_QUOTED_INCLUDE_IN_FRAMEWORK_HEADER = YES;
				CLANG_WARN_RANGE_LOOP_ANALYSIS = YES;
				CLANG_WARN_STRICT_PROTOTYPES = YES;
				CLANG_WARN_SUSPICIOUS_MOVE = YES;
				CLANG_WARN_UNGUARDED_AVAILABILITY = YES_AGGRESSIVE;
				CLANG_WARN_UNREACHABLE_CODE = YES;
				CLANG_WARN__DUPLICATE_METHOD_MATCH = YES;
				COPY_PHASE_STRIP = NO;
				DEBUG_INFORMATION_FORMAT = "dwarf-with-dsym";
				ENABLE_NS_ASSERTIONS = NO;
				ENABLE_STRICT_OBJC_MSGSEND = YES;
				ENABLE_USER_SCRIPT_SANDBOXING = YES;
				GCC_C_LANGUAGE_STANDARD = gnu17;
				GCC_NO_COMMON_BLOCKS = YES;
				GCC_WARN_64_TO_32_BIT_CONVERSION = YES;
				GCC_WARN_ABOUT_RETURN_TYPE = YES_ERROR;
				GCC_WARN_UNDECLARED_SELECTOR = YES;
				GCC_WARN_UNINITIALIZED_AUTOS = YES_AGGRESSIVE;
				GCC_WARN_UNUSED_FUNCTION = YES;
				GCC_WARN_UNUSED_VARIABLE = YES;
				LOCALIZATION_PREFERS_STRING_CATALOGS = YES;
				MTL_ENABLE_DEBUG_INFO = NO;
				MTL_FAST_MATH = YES;
				SWIFT_COMPILATION_MODE = wholemodule;
			};
			name = Release;
		};
		59289FFD2C4A6B67003EF001 /* Debug */ = {
			isa = XCBuildConfiguration;
			buildSettings = {
				ASSETCATALOG_COMPILER_APPICON_NAME = AppIcon;
				ASSETCATALOG_COMPILER_GLOBAL_ACCENT_COLOR_NAME = AccentColor;
				CODE_SIGN_STYLE = Automatic;
				CURRENT_PROJECT_VERSION = 1;
				DEVELOPMENT_ASSET_PATHS = "\"Quotable Watch App/Preview Content\"";
				ENABLE_PREVIEWS = YES;
				GENERATE_INFOPLIST_FILE = YES;
				INFOPLIST_KEY_CFBundleDisplayName = Quotable;
				INFOPLIST_KEY_UISupportedInterfaceOrientations = "UIInterfaceOrientationPortrait UIInterfaceOrientationPortraitUpsideDown";
				INFOPLIST_KEY_WKWatchOnly = YES;
				LD_RUNPATH_SEARCH_PATHS = (
					"$(inherited)",
					"@executable_path/Frameworks",
				);
				MARKETING_VERSION = 1.0;
				PRODUCT_BUNDLE_IDENTIFIER = neptvnism.Quotable.watchkitapp;
				PRODUCT_NAME = "$(TARGET_NAME)";
				SDKROOT = watchos;
				SKIP_INSTALL = YES;
				SWIFT_EMIT_LOC_STRINGS = YES;
				SWIFT_VERSION = 5.0;
				TARGETED_DEVICE_FAMILY = 4;
				WATCHOS_DEPLOYMENT_TARGET = 10.5;
			};
			name = Debug;
		};
		59289FFE2C4A6B67003EF001 /* Release */ = {
			isa = XCBuildConfiguration;
			buildSettings = {
				ASSETCATALOG_COMPILER_APPICON_NAME = AppIcon;
				ASSETCATALOG_COMPILER_GLOBAL_ACCENT_COLOR_NAME = AccentColor;
				CODE_SIGN_STYLE = Automatic;
				CURRENT_PROJECT_VERSION = 1;
				DEVELOPMENT_ASSET_PATHS = "\"Quotable Watch App/Preview Content\"";
				ENABLE_PREVIEWS = YES;
				GENERATE_INFOPLIST_FILE = YES;
				INFOPLIST_KEY_CFBundleDisplayName = Quotable;
				INFOPLIST_KEY_UISupportedInterfaceOrientations = "UIInterfaceOrientationPortrait UIInterfaceOrientationPortraitUpsideDown";
				INFOPLIST_KEY_WKWatchOnly = YES;
				LD_RUNPATH_SEARCH_PATHS = (
					"$(inherited)",
					"@executable_path/Frameworks",
				);
				MARKETING_VERSION = 1.0;
				PRODUCT_BUNDLE_IDENTIFIER = neptvnism.Quotable.watchkitapp;
				PRODUCT_NAME = "$(TARGET_NAME)";
				SDKROOT = watchos;
				SKIP_INSTALL = YES;
				SWIFT_EMIT_LOC_STRINGS = YES;
				SWIFT_VERSION = 5.0;
				TARGETED_DEVICE_FAMILY = 4;
				VALIDATE_PRODUCT = YES;
				WATCHOS_DEPLOYMENT_TARGET = 10.5;
			};
			name = Release;
		};
		5928A0012C4A6B67003EF001 /* Debug */ = {
			isa = XCBuildConfiguration;
			buildSettings = {
				ALWAYS_EMBED_SWIFT_STANDARD_LIBRARIES = YES;
				CODE_SIGN_STYLE = Automatic;
				CURRENT_PROJECT_VERSION = 1;
				INFOPLIST_FILE = "";
				INFOPLIST_KEY_CFBundleDisplayName = Quotable;
				MARKETING_VERSION = 1.0;
				PRODUCT_BUNDLE_IDENTIFIER = neptvnism.Quotable;
				PRODUCT_NAME = "$(TARGET_NAME)";
				SDKROOT = iphoneos;
				SWIFT_VERSION = 5.0;
			};
			name = Debug;
		};
		5928A0022C4A6B67003EF001 /* Release */ = {
			isa = XCBuildConfiguration;
			buildSettings = {
				ALWAYS_EMBED_SWIFT_STANDARD_LIBRARIES = YES;
				CODE_SIGN_STYLE = Automatic;
				CURRENT_PROJECT_VERSION = 1;
				INFOPLIST_FILE = "";
				INFOPLIST_KEY_CFBundleDisplayName = Quotable;
				MARKETING_VERSION = 1.0;
				PRODUCT_BUNDLE_IDENTIFIER = neptvnism.Quotable;
				PRODUCT_NAME = "$(TARGET_NAME)";
				SDKROOT = iphoneos;
				SWIFT_VERSION = 5.0;
				VALIDATE_PRODUCT = YES;
			};
			name = Release;
		};
		5928A0042C4A6B67003EF001 /* Debug */ = {
			isa = XCBuildConfiguration;
			buildSettings = {
				ALWAYS_EMBED_SWIFT_STANDARD_LIBRARIES = YES;
				BUNDLE_LOADER = "$(TEST_HOST)";
				CODE_SIGN_STYLE = Automatic;
				CURRENT_PROJECT_VERSION = 1;
				GENERATE_INFOPLIST_FILE = YES;
				MARKETING_VERSION = 1.0;
				PRODUCT_BUNDLE_IDENTIFIER = "neptvnism.Quotable-Watch-AppTests";
				PRODUCT_NAME = "$(TARGET_NAME)";
				SDKROOT = watchos;
				SWIFT_EMIT_LOC_STRINGS = NO;
				SWIFT_VERSION = 5.0;
				TARGETED_DEVICE_FAMILY = 4;
				TEST_HOST = "$(BUILT_PRODUCTS_DIR)/Quotable Watch App.app/$(BUNDLE_EXECUTABLE_FOLDER_PATH)/Quotable Watch App";
				WATCHOS_DEPLOYMENT_TARGET = 10.5;
			};
			name = Debug;
		};
		5928A0052C4A6B67003EF001 /* Release */ = {
			isa = XCBuildConfiguration;
			buildSettings = {
				ALWAYS_EMBED_SWIFT_STANDARD_LIBRARIES = YES;
				BUNDLE_LOADER = "$(TEST_HOST)";
				CODE_SIGN_STYLE = Automatic;
				CURRENT_PROJECT_VERSION = 1;
				GENERATE_INFOPLIST_FILE = YES;
				MARKETING_VERSION = 1.0;
				PRODUCT_BUNDLE_IDENTIFIER = "neptvnism.Quotable-Watch-AppTests";
				PRODUCT_NAME = "$(TARGET_NAME)";
				SDKROOT = watchos;
				SWIFT_EMIT_LOC_STRINGS = NO;
				SWIFT_VERSION = 5.0;
				TARGETED_DEVICE_FAMILY = 4;
				TEST_HOST = "$(BUILT_PRODUCTS_DIR)/Quotable Watch App.app/$(BUNDLE_EXECUTABLE_FOLDER_PATH)/Quotable Watch App";
				VALIDATE_PRODUCT = YES;
				WATCHOS_DEPLOYMENT_TARGET = 10.5;
			};
			name = Release;
		};
		5928A0072C4A6B67003EF001 /* Debug */ = {
			isa = XCBuildConfiguration;
			buildSettings = {
				ALWAYS_EMBED_SWIFT_STANDARD_LIBRARIES = YES;
				CODE_SIGN_STYLE = Automatic;
				CURRENT_PROJECT_VERSION = 1;
				GENERATE_INFOPLIST_FILE = YES;
				MARKETING_VERSION = 1.0;
				PRODUCT_BUNDLE_IDENTIFIER = "neptvnism.Quotable-Watch-AppUITests";
				PRODUCT_NAME = "$(TARGET_NAME)";
				SDKROOT = watchos;
				SWIFT_EMIT_LOC_STRINGS = NO;
				SWIFT_VERSION = 5.0;
				TARGETED_DEVICE_FAMILY = 4;
				TEST_TARGET_NAME = "Quotable Watch App";
				WATCHOS_DEPLOYMENT_TARGET = 10.5;
			};
			name = Debug;
		};
		5928A0082C4A6B67003EF001 /* Release */ = {
			isa = XCBuildConfiguration;
			buildSettings = {
				ALWAYS_EMBED_SWIFT_STANDARD_LIBRARIES = YES;
				CODE_SIGN_STYLE = Automatic;
				CURRENT_PROJECT_VERSION = 1;
				GENERATE_INFOPLIST_FILE = YES;
				MARKETING_VERSION = 1.0;
				PRODUCT_BUNDLE_IDENTIFIER = "neptvnism.Quotable-Watch-AppUITests";
				PRODUCT_NAME = "$(TARGET_NAME)";
				SDKROOT = watchos;
				SWIFT_EMIT_LOC_STRINGS = NO;
				SWIFT_VERSION = 5.0;
				TARGETED_DEVICE_FAMILY = 4;
				TEST_TARGET_NAME = "Quotable Watch App";
				VALIDATE_PRODUCT = YES;
				WATCHOS_DEPLOYMENT_TARGET = 10.5;
			};
			name = Release;
		};
/* End XCBuildConfiguration section */

/* Begin XCConfigurationList section */
		59289FCD2C4A6B64003EF001 /* Build configuration list for PBXProject "Quotable" */ = {
			isa = XCConfigurationList;
			buildConfigurations = (
				59289FFA2C4A6B67003EF001 /* Debug */,
				59289FFB2C4A6B67003EF001 /* Release */,
			);
			defaultConfigurationIsVisible = 0;
			defaultConfigurationName = Release;
		};
		59289FFC2C4A6B67003EF001 /* Build configuration list for PBXNativeTarget "Quotable Watch App" */ = {
			isa = XCConfigurationList;
			buildConfigurations = (
				59289FFD2C4A6B67003EF001 /* Debug */,
				59289FFE2C4A6B67003EF001 /* Release */,
			);
			defaultConfigurationIsVisible = 0;
			defaultConfigurationName = Release;
		};
		5928A0002C4A6B67003EF001 /* Build configuration list for PBXNativeTarget "Quotable" */ = {
			isa = XCConfigurationList;
			buildConfigurations = (
				5928A0012C4A6B67003EF001 /* Debug */,
				5928A0022C4A6B67003EF001 /* Release */,
			);
			defaultConfigurationIsVisible = 0;
			defaultConfigurationName = Release;
		};
		5928A0032C4A6B67003EF001 /* Build configuration list for PBXNativeTarget "Quotable Watch AppTests" */ = {
			isa = XCConfigurationList;
			buildConfigurations = (
				5928A0042C4A6B67003EF001 /* Debug */,
				5928A0052C4A6B67003EF001 /* Release */,
			);
			defaultConfigurationIsVisible = 0;
			defaultConfigurationName = Release;
		};
		5928A0062C4A6B67003EF001 /* Build configuration list for PBXNativeTarget "Quotable Watch AppUITests" */ = {
			isa = XCConfigurationList;
			buildConfigurations = (
				5928A0072C4A6B67003EF001 /* Debug */,
				5928A0082C4A6B67003EF001 /* Release */,
			);
			defaultConfigurationIsVisible = 0;
			defaultConfigurationName = Release;
		};
/* End XCConfigurationList section */
	};
	rootObject = 59289FCA2C4A6B64003EF001 /* Project object */;
}
